
Microsoft Visual Studio Solution File, Format Version 12.00
# Visual Studio Version 17
VisualStudioVersion = 17.5.33516.290
MinimumVisualStudioVersion = 10.0.40219.1
Project("{FAE04EC0-301F-11D3-BF4B-00C04F79EFBC}") = "OptimalWeekApp.Android", "OptimalWeekApp\OptimalWeekApp.Android\OptimalWeekApp.Android.csproj", "{756B4A8F-7685-4556-8D1C-93421FD6B51D}"
EndProject
Project("{FAE04EC0-301F-11D3-BF4B-00C04F79EFBC}") = "OptimalWeekApp.iOS", "OptimalWeekApp\OptimalWeekApp.iOS\OptimalWeekApp.iOS.csproj", "{D8022936-3D45-4F4D-A7DD-7F8EB2D2FF77}"
EndProject
Project("{FAE04EC0-301F-11D3-BF4B-00C04F79EFBC}") = "OptimalWeekApp", "OptimalWeekApp\OptimalWeekApp\OptimalWeekApp.csproj", "{50E14A8B-AADC-4080-9E6D-3CD14B7786D1}"
EndProject
Global
	GlobalSection(SolutionConfigurationPlatforms) = preSolution
		Debug|Any CPU = Debug|Any CPU
		Debug|iPhone = Debug|iPhone
		Debug|iPhoneSimulator = Debug|iPhoneSimulator
		Release|Any CPU = Release|Any CPU
		Release|iPhone = Release|iPhone
		Release|iPhoneSimulator = Release|iPhoneSimulator
	EndGlobalSection
	GlobalSection(ProjectConfigurationPlatforms) = postSolution
		{756B4A8F-7685-4556-8D1C-93421FD6B51D}.Debug|Any CPU.ActiveCfg = Debug|Any CPU
		{756B4A8F-7685-4556-8D1C-93421FD6B51D}.Debug|Any CPU.Build.0 = Debug|Any CPU
		{756B4A8F-7685-4556-8D1C-93421FD6B51D}.Debug|Any CPU.Deploy.0 = Debug|Any CPU
		{756B4A8F-7685-4556-8D1C-93421FD6B51D}.Debug|iPhone.ActiveCfg = Debug|Any CPU
		{756B4A8F-7685-4556-8D1C-93421FD6B51D}.Debug|iPhone.Build.0 = Debug|Any CPU
		{756B4A8F-7685-4556-8D1C-93421FD6B51D}.Debug|iPhone.Deploy.0 = Debug|Any CPU
		{756B4A8F-7685-4556-8D1C-93421FD6B51D}.Debug|iPhoneSimulator.ActiveCfg = Debug|Any CPU
		{756B4A8F-7685-4556-8D1C-93421FD6B51D}.Debug|iPhoneSimulator.Build.0 = Debug|Any CPU
		{756B4A8F-7685-4556-8D1C-93421FD6B51D}.Debug|iPhoneSimulator.Deploy.0 = Debug|Any CPU
		{756B4A8F-7685-4556-8D1C-93421FD6B51D}.Release|Any CPU.ActiveCfg = Release|Any CPU
		{756B4A8F-7685-4556-8D1C-93421FD6B51D}.Release|Any CPU.Build.0 = Release|Any CPU
		{756B4A8F-7685-4556-8D1C-93421FD6B51D}.Release|Any CPU.Deploy.0 = Release|Any CPU
		{756B4A8F-7685-4556-8D1C-93421FD6B51D}.Release|iPhone.ActiveCfg = Release|Any CPU
		{756B4A8F-7685-4556-8D1C-93421FD6B51D}.Release|iPhone.Build.0 = Release|Any CPU
		{756B4A8F-7685-4556-8D1C-93421FD6B51D}.Release|iPhone.Deploy.0 = Release|Any CPU
		{756B4A8F-7685-4556-8D1C-93421FD6B51D}.Release|iPhoneSimulator.ActiveCfg = Release|Any CPU
		{756B4A8F-7685-4556-8D1C-93421FD6B51D}.Release|iPhoneSimulator.Build.0 = Release|Any CPU
		{756B4A8F-7685-4556-8D1C-93421FD6B51D}.Release|iPhoneSimulator.Deploy.0 = Release|Any CPU
		{D8022936-3D45-4F4D-A7DD-7F8EB2D2FF77}.Debug|Any CPU.ActiveCfg = Debug|iPhone
		{D8022936-3D45-4F4D-A7DD-7F8EB2D2FF77}.Debug|Any CPU.Build.0 = Debug|iPhone
		{D8022936-3D45-4F4D-A7DD-7F8EB2D2FF77}.Debug|Any CPU.Deploy.0 = Debug|iPhone
		{D8022936-3D45-4F4D-A7DD-7F8EB2D2FF77}.Debug|iPhone.ActiveCfg = Debug|iPhone
		{D8022936-3D45-4F4D-A7DD-7F8EB2D2FF77}.Debug|iPhone.Build.0 = Debug|iPhone
		{D8022936-3D45-4F4D-A7DD-7F8EB2D2FF77}.Debug|iPhone.Deploy.0 = Debug|iPhone
		{D8022936-3D45-4F4D-A7DD-7F8EB2D2FF77}.Debug|iPhoneSimulator.ActiveCfg = Debug|iPhoneSimulator
		{D8022936-3D45-4F4D-A7DD-7F8EB2D2FF77}.Debug|iPhoneSimulator.Build.0 = Debug|iPhoneSimulator
		{D8022936-3D45-4F4D-A7DD-7F8EB2D2FF77}.Debug|iPhoneSimulator.Deploy.0 = Debug|iPhoneSimulator
		{D8022936-3D45-4F4D-A7DD-7F8EB2D2FF77}.Release|Any CPU.ActiveCfg = Release|iPhoneSimulator
		{D8022936-3D45-4F4D-A7DD-7F8EB2D2FF77}.Release|Any CPU.Build.0 = Release|iPhoneSimulator
		{D8022936-3D45-4F4D-A7DD-7F8EB2D2FF77}.Release|Any CPU.Deploy.0 = Release|iPhoneSimulator
		{D8022936-3D45-4F4D-A7DD-7F8EB2D2FF77}.Release|iPhone.ActiveCfg = Release|iPhone
		{D8022936-3D45-4F4D-A7DD-7F8EB2D2FF77}.Release|iPhone.Build.0 = Release|iPhone
		{D8022936-3D45-4F4D-A7DD-7F8EB2D2FF77}.Release|iPhone.Deploy.0 = Release|iPhone
		{D8022936-3D45-4F4D-A7DD-7F8EB2D2FF77}.Release|iPhoneSimulator.ActiveCfg = Release|iPhoneSimulator
		{D8022936-3D45-4F4D-A7DD-7F8EB2D2FF77}.Release|iPhoneSimulator.Build.0 = Release|iPhoneSimulator
		{D8022936-3D45-4F4D-A7DD-7F8EB2D2FF77}.Release|iPhoneSimulator.Deploy.0 = Release|iPhoneSimulator
		{50E14A8B-AADC-4080-9E6D-3CD14B7786D1}.Debug|Any CPU.ActiveCfg = Debug|Any CPU
		{50E14A8B-AADC-4080-9E6D-3CD14B7786D1}.Debug|Any CPU.Build.0 = Debug|Any CPU
		{50E14A8B-AADC-4080-9E6D-3CD14B7786D1}.Debug|Any CPU.Deploy.0 = Debug|Any CPU
		{50E14A8B-AADC-4080-9E6D-3CD14B7786D1}.Debug|iPhone.ActiveCfg = Debug|Any CPU
		{50E14A8B-AADC-4080-9E6D-3CD14B7786D1}.Debug|iPhone.Build.0 = Debug|Any CPU
		{50E14A8B-AADC-4080-9E6D-3CD14B7786D1}.Debug|iPhone.Deploy.0 = Debug|Any CPU
		{50E14A8B-AADC-4080-9E6D-3CD14B7786D1}.Debug|iPhoneSimulator.ActiveCfg = Debug|Any CPU
		{50E14A8B-AADC-4080-9E6D-3CD14B7786D1}.Debug|iPhoneSimulator.Build.0 = Debug|Any CPU
		{50E14A8B-AADC-4080-9E6D-3CD14B7786D1}.Debug|iPhoneSimulator.Deploy.0 = Debug|Any CPU
		{50E14A8B-AADC-4080-9E6D-3CD14B7786D1}.Release|Any CPU.ActiveCfg = Release|Any CPU
		{50E14A8B-AADC-4080-9E6D-3CD14B7786D1}.Release|Any CPU.Build.0 = Release|Any CPU
		{50E14A8B-AADC-4080-9E6D-3CD14B7786D1}.Release|Any CPU.Deploy.0 = Release|Any CPU
		{50E14A8B-AADC-4080-9E6D-3CD14B7786D1}.Release|iPhone.ActiveCfg = Release|Any CPU
		{50E14A8B-AADC-4080-9E6D-3CD14B7786D1}.Release|iPhone.Build.0 = Release|Any CPU
		{50E14A8B-AADC-4080-9E6D-3CD14B7786D1}.Release|iPhone.Deploy.0 = Release|Any CPU
		{50E14A8B-AADC-4080-9E6D-3CD14B7786D1}.Release|iPhoneSimulator.ActiveCfg = Release|Any CPU
		{50E14A8B-AADC-4080-9E6D-3CD14B7786D1}.Release|iPhoneSimulator.Build.0 = Release|Any CPU
		{50E14A8B-AADC-4080-9E6D-3CD14B7786D1}.Release|iPhoneSimulator.Deploy.0 = Release|Any CPU
	EndGlobalSection
	GlobalSection(SolutionProperties) = preSolution
		HideSolutionNode = FALSE
	EndGlobalSection
	GlobalSection(ExtensibilityGlobals) = postSolution
		SolutionGuid = {F96B9EE9-2B93-4B80-B723-1997AFD62D65}
	EndGlobalSection
EndGlobal
